
Microsoft Visual Studio Solution File, Format Version 12.00
# Visual Studio Version 16
VisualStudioVersion = 16.0.31729.503
MinimumVisualStudioVersion = 10.0.40219.1
Project("{FAE04EC0-301F-11D3-BF4B-00C04F79EFBC}") = "8_III_18", "8_III_18\8_III_18.csproj", "{C872898A-1875-434F-8802-6922AEEC5133}"
EndProject
Global
	GlobalSection(SolutionConfigurationPlatforms) = preSolution
		Debug|Any CPU = Debug|Any CPU
		Release|Any CPU = Release|Any CPU
	EndGlobalSection
	GlobalSection(ProjectConfigurationPlatforms) = postSolution
		{C872898A-1875-434F-8802-6922AEEC5133}.Debug|Any CPU.ActiveCfg = Debug|Any CPU
		{C872898A-1875-434F-8802-6922AEEC5133}.Debug|Any CPU.Build.0 = Debug|Any CPU
		{C872898A-1875-434F-8802-6922AEEC5133}.Release|Any CPU.ActiveCfg = Release|Any CPU
		{C872898A-1875-434F-8802-6922AEEC5133}.Release|Any CPU.Build.0 = Release|Any CPU
	EndGlobalSection
	GlobalSection(SolutionProperties) = preSolution
		HideSolutionNode = FALSE
	EndGlobalSection
	GlobalSection(ExtensibilityGlobals) = postSolution
		SolutionGuid = {4D3F649E-E6CC-40CE-A037-E51301A54B30}
	EndGlobalSection
EndGlobal
